// !$*UTF8*$!
{
	archiveVersion = 1;
	classes = {
	};
	objectVersion = 56;
	objects = {

/* Begin PBXBuildFile section */
		049A45D2905162198FAFC6FC /* Pods_AbKey.framework in Frameworks */ = {isa = PBXBuildFile; fileRef = 75FC946F77B45EC8265EB6FD /* Pods_AbKey.framework */; };
		227B70AEED1D8AEC1E96920F /* Pods_AbKey_AbKeyUITests.framework in Frameworks */ = {isa = PBXBuildFile; fileRef = 3E953A132FCA5A1B8F9D7B9B /* Pods_AbKey_AbKeyUITests.framework */; };
		462DD3E72BA17478008A83ED /* SQLiteDBHelper.swift in Sources */ = {isa = PBXBuildFile; fileRef = 462DD3E62BA17478008A83ED /* SQLiteDBHelper.swift */; };
		462DD3E82BA17480008A83ED /* SQLiteDBHelper.swift in Sources */ = {isa = PBXBuildFile; fileRef = 462DD3E62BA17478008A83ED /* SQLiteDBHelper.swift */; };
		46433FD42B9EF90F0012941E /* AccentsViewController.swift in Sources */ = {isa = PBXBuildFile; fileRef = 46433FD32B9EF90F0012941E /* AccentsViewController.swift */; };
		46433FD52B9EFAC50012941E /* AccentsViewController.swift in Sources */ = {isa = PBXBuildFile; fileRef = 46433FD32B9EF90F0012941E /* AccentsViewController.swift */; };
		46433FDB2B9F08CB0012941E /* AlphabetVCCell.swift in Sources */ = {isa = PBXBuildFile; fileRef = 46433FDA2B9F08CB0012941E /* AlphabetVCCell.swift */; };
		46433FDC2B9F0A590012941E /* AlphabetVCCell.swift in Sources */ = {isa = PBXBuildFile; fileRef = 46433FDA2B9F08CB0012941E /* AlphabetVCCell.swift */; };
		46433FDE2B9F0E150012941E /* NumberVCCell.swift in Sources */ = {isa = PBXBuildFile; fileRef = 46433FDD2B9F0E150012941E /* NumberVCCell.swift */; };
		46433FDF2B9F0E190012941E /* NumberVCCell.swift in Sources */ = {isa = PBXBuildFile; fileRef = 46433FDD2B9F0E150012941E /* NumberVCCell.swift */; };
		46433FE12B9F12D00012941E /* AccentsVCCell.swift in Sources */ = {isa = PBXBuildFile; fileRef = 46433FE02B9F12D00012941E /* AccentsVCCell.swift */; };
		46433FE22B9F13850012941E /* AccentsVCCell.swift in Sources */ = {isa = PBXBuildFile; fileRef = 46433FE02B9F12D00012941E /* AccentsVCCell.swift */; };
		4649A7292B9EED13009423CC /* AlphabetViewController.swift in Sources */ = {isa = PBXBuildFile; fileRef = 4649A7282B9EED13009423CC /* AlphabetViewController.swift */; };
		4649A72B2B9EED1F009423CC /* NumbersViewController.swift in Sources */ = {isa = PBXBuildFile; fileRef = 4649A72A2B9EED1F009423CC /* NumbersViewController.swift */; };
		4649A72C2B9EEDED009423CC /* AlphabetViewController.swift in Sources */ = {isa = PBXBuildFile; fileRef = 4649A7282B9EED13009423CC /* AlphabetViewController.swift */; };
		4649A72D2B9EEDED009423CC /* NumbersViewController.swift in Sources */ = {isa = PBXBuildFile; fileRef = 4649A72A2B9EED1F009423CC /* NumbersViewController.swift */; };
		4650026D2BA8709300D5781D /* AbKeySettingVC.swift in Sources */ = {isa = PBXBuildFile; fileRef = 4650026C2BA8709300D5781D /* AbKeySettingVC.swift */; };
		467FEBBA2BB57DEA00C42519 /* Howto.html in Resources */ = {isa = PBXBuildFile; fileRef = 467FEBB72BB57DEA00C42519 /* Howto.html */; };
		467FEBBB2BB57DEA00C42519 /* Agreement.html in Resources */ = {isa = PBXBuildFile; fileRef = 467FEBB82BB57DEA00C42519 /* Agreement.html */; };
		467FEBBC2BB57DEA00C42519 /* Welcome.html in Resources */ = {isa = PBXBuildFile; fileRef = 467FEBB92BB57DEA00C42519 /* Welcome.html */; };
		468070C02B9EC87B003E2804 /* SettingViewController.swift in Sources */ = {isa = PBXBuildFile; fileRef = 4693E10C2B9AE7DD0049A85D /* SettingViewController.swift */; };
		468070C12B9EC88A003E2804 /* SettingViewController.swift in Sources */ = {isa = PBXBuildFile; fileRef = 4693E10C2B9AE7DD0049A85D /* SettingViewController.swift */; };
		46894B4B2BB28C8500FF01BD /* AboutAbkeyVC.swift in Sources */ = {isa = PBXBuildFile; fileRef = 46894B4A2BB28C8500FF01BD /* AboutAbkeyVC.swift */; };
		46894B4D2BB2900500FF01BD /* WelcomeVC.swift in Sources */ = {isa = PBXBuildFile; fileRef = 46894B4C2BB2900500FF01BD /* WelcomeVC.swift */; };
		46894B4F2BB2901F00FF01BD /* HowToVC.swift in Sources */ = {isa = PBXBuildFile; fileRef = 46894B4E2BB2901F00FF01BD /* HowToVC.swift */; };
		46894B512BB2903200FF01BD /* AggrementVC.swift in Sources */ = {isa = PBXBuildFile; fileRef = 46894B502BB2903200FF01BD /* AggrementVC.swift */; };
		468E03012B4FF2B80009DE0E /* CustomButton.swift in Sources */ = {isa = PBXBuildFile; fileRef = 468E02FE2B4FF2B80009DE0E /* CustomButton.swift */; };
		468E03022B4FF2B80009DE0E /* CustomKeyboardView.swift in Sources */ = {isa = PBXBuildFile; fileRef = 468E02FF2B4FF2B80009DE0E /* CustomKeyboardView.swift */; };
		468E03032B4FF2B80009DE0E /* CustomKeyboardView.xib in Resources */ = {isa = PBXBuildFile; fileRef = 468E03002B4FF2B80009DE0E /* CustomKeyboardView.xib */; };
		468E03042B4FF2C00009DE0E /* CustomButton.swift in Sources */ = {isa = PBXBuildFile; fileRef = 468E02FE2B4FF2B80009DE0E /* CustomButton.swift */; };
		468E03052B4FF2C00009DE0E /* CustomKeyboardView.swift in Sources */ = {isa = PBXBuildFile; fileRef = 468E02FF2B4FF2B80009DE0E /* CustomKeyboardView.swift */; };
		468E03062B4FF2C00009DE0E /* CustomKeyboardView.xib in Resources */ = {isa = PBXBuildFile; fileRef = 468E03002B4FF2B80009DE0E /* CustomKeyboardView.xib */; };
		46DA79542B4E94B500A9C180 /* AppDelegate.swift in Sources */ = {isa = PBXBuildFile; fileRef = 46DA79532B4E94B500A9C180 /* AppDelegate.swift */; };
		46DA79562B4E94B500A9C180 /* SceneDelegate.swift in Sources */ = {isa = PBXBuildFile; fileRef = 46DA79552B4E94B500A9C180 /* SceneDelegate.swift */; };
		46DA795B2B4E94B500A9C180 /* Main.storyboard in Resources */ = {isa = PBXBuildFile; fileRef = 46DA79592B4E94B500A9C180 /* Main.storyboard */; };
		46DA795D2B4E94B600A9C180 /* Assets.xcassets in Resources */ = {isa = PBXBuildFile; fileRef = 46DA795C2B4E94B600A9C180 /* Assets.xcassets */; };
		46DA79602B4E94B600A9C180 /* LaunchScreen.storyboard in Resources */ = {isa = PBXBuildFile; fileRef = 46DA795E2B4E94B600A9C180 /* LaunchScreen.storyboard */; };
		46DA796B2B4E94B600A9C180 /* AbKeyTests.swift in Sources */ = {isa = PBXBuildFile; fileRef = 46DA796A2B4E94B600A9C180 /* AbKeyTests.swift */; };
		46DA79752B4E94B600A9C180 /* AbKeyUITests.swift in Sources */ = {isa = PBXBuildFile; fileRef = 46DA79742B4E94B600A9C180 /* AbKeyUITests.swift */; };
		46DA79772B4E94B600A9C180 /* AbKeyUITestsLaunchTests.swift in Sources */ = {isa = PBXBuildFile; fileRef = 46DA79762B4E94B600A9C180 /* AbKeyUITestsLaunchTests.swift */; };
		46DA798B2B4E954A00A9C180 /* CustomKeyboardVC.swift in Sources */ = {isa = PBXBuildFile; fileRef = 46DA798A2B4E954A00A9C180 /* CustomKeyboardVC.swift */; };
		46DA79932B4E959500A9C180 /* KeyboardViewController.swift in Sources */ = {isa = PBXBuildFile; fileRef = 46DA79922B4E959500A9C180 /* KeyboardViewController.swift */; };
		46DA79972B4E959500A9C180 /* CustomKeyboardView.appex in Embed Foundation Extensions */ = {isa = PBXBuildFile; fileRef = 46DA79902B4E959500A9C180 /* CustomKeyboardView.appex */; settings = {ATTRIBUTES = (RemoveHeadersOnCopy, ); }; };
		46DA799F2B4E96C000A9C180 /* Assets.xcassets in Resources */ = {isa = PBXBuildFile; fileRef = 46DA795C2B4E94B600A9C180 /* Assets.xcassets */; };
		46E52A3B2BA4255800240FF7 /* HomePageVC.swift in Sources */ = {isa = PBXBuildFile; fileRef = 46E52A3A2BA4255800240FF7 /* HomePageVC.swift */; };
		46FD2FB82B975A3200EC5806 /* PopUpView.swift in Sources */ = {isa = PBXBuildFile; fileRef = 46FD2FB72B975A3200EC5806 /* PopUpView.swift */; };
		6564FEC9A2D52428B1B13FD3 /* Pods_AbKeyTests.framework in Frameworks */ = {isa = PBXBuildFile; fileRef = 64635E8BB481433BDCD92079 /* Pods_AbKeyTests.framework */; };
		BB4016410C052C31EF64FC2F /* Pods_CustomKeyboardView.framework in Frameworks */ = {isa = PBXBuildFile; fileRef = 94A6D4CCBA0B0C2F2401278F /* Pods_CustomKeyboardView.framework */; };
/* End PBXBuildFile section */

/* Begin PBXContainerItemProxy section */
		46DA79672B4E94B600A9C180 /* PBXContainerItemProxy */ = {
			isa = PBXContainerItemProxy;
			containerPortal = 46DA79482B4E94B500A9C180 /* Project object */;
			proxyType = 1;
			remoteGlobalIDString = 46DA794F2B4E94B500A9C180;
			remoteInfo = AbKey;
		};
		46DA79712B4E94B600A9C180 /* PBXContainerItemProxy */ = {
			isa = PBXContainerItemProxy;
			containerPortal = 46DA79482B4E94B500A9C180 /* Project object */;
			proxyType = 1;
			remoteGlobalIDString = 46DA794F2B4E94B500A9C180;
			remoteInfo = AbKey;
		};
		46DA79952B4E959500A9C180 /* PBXContainerItemProxy */ = {
			isa = PBXContainerItemProxy;
			containerPortal = 46DA79482B4E94B500A9C180 /* Project object */;
			proxyType = 1;
			remoteGlobalIDString = 46DA798F2B4E959400A9C180;
			remoteInfo = CustomKeyboardView;
		};
/* End PBXContainerItemProxy section */

/* Begin PBXCopyFilesBuildPhase section */
		46DA799B2B4E959500A9C180 /* Embed Foundation Extensions */ = {
			isa = PBXCopyFilesBuildPhase;
			buildActionMask = 2147483647;
			dstPath = "";
			dstSubfolderSpec = 13;
			files = (
				46DA79972B4E959500A9C180 /* CustomKeyboardView.appex in Embed Foundation Extensions */,
			);
			name = "Embed Foundation Extensions";
			runOnlyForDeploymentPostprocessing = 0;
		};
/* End PBXCopyFilesBuildPhase section */

/* Begin PBXFileReference section */
		01648B8885333F868BBC9B4C /* Pods-AbKey-AbKeyUITests.debug.xcconfig */ = {isa = PBXFileReference; includeInIndex = 1; lastKnownFileType = text.xcconfig; name = "Pods-AbKey-AbKeyUITests.debug.xcconfig"; path = "Target Support Files/Pods-AbKey-AbKeyUITests/Pods-AbKey-AbKeyUITests.debug.xcconfig"; sourceTree = "<group>"; };
		0792FE32B5D4C72C3E31572F /* Pods-CustomKeyboardView.debug.xcconfig */ = {isa = PBXFileReference; includeInIndex = 1; lastKnownFileType = text.xcconfig; name = "Pods-CustomKeyboardView.debug.xcconfig"; path = "Target Support Files/Pods-CustomKeyboardView/Pods-CustomKeyboardView.debug.xcconfig"; sourceTree = "<group>"; };
		0E91558C5D9BF0CF02069F23 /* Pods-AbKey-AbKeyUITests.release.xcconfig */ = {isa = PBXFileReference; includeInIndex = 1; lastKnownFileType = text.xcconfig; name = "Pods-AbKey-AbKeyUITests.release.xcconfig"; path = "Target Support Files/Pods-AbKey-AbKeyUITests/Pods-AbKey-AbKeyUITests.release.xcconfig"; sourceTree = "<group>"; };
		256FDB94ACF833BF272184F4 /* Pods-AbKeyTests.debug.xcconfig */ = {isa = PBXFileReference; includeInIndex = 1; lastKnownFileType = text.xcconfig; name = "Pods-AbKeyTests.debug.xcconfig"; path = "Target Support Files/Pods-AbKeyTests/Pods-AbKeyTests.debug.xcconfig"; sourceTree = "<group>"; };
		3059875C827DCC5DE8BDBE2C /* Pods-AbKey.release.xcconfig */ = {isa = PBXFileReference; includeInIndex = 1; lastKnownFileType = text.xcconfig; name = "Pods-AbKey.release.xcconfig"; path = "Target Support Files/Pods-AbKey/Pods-AbKey.release.xcconfig"; sourceTree = "<group>"; };
		3E953A132FCA5A1B8F9D7B9B /* Pods_AbKey_AbKeyUITests.framework */ = {isa = PBXFileReference; explicitFileType = wrapper.framework; includeInIndex = 0; path = Pods_AbKey_AbKeyUITests.framework; sourceTree = BUILT_PRODUCTS_DIR; };
		4625302F2BA1BBED0084A09B /* AbKey.entitlements */ = {isa = PBXFileReference; lastKnownFileType = text.plist.entitlements; path = AbKey.entitlements; sourceTree = "<group>"; };
		462DD3E62BA17478008A83ED /* SQLiteDBHelper.swift */ = {isa = PBXFileReference; lastKnownFileType = sourcecode.swift; path = SQLiteDBHelper.swift; sourceTree = "<group>"; };
		462DD3E92BA1B24E008A83ED /* CustomKeyboardView.entitlements */ = {isa = PBXFileReference; lastKnownFileType = text.plist.entitlements; path = CustomKeyboardView.entitlements; sourceTree = "<group>"; };
		46433FD32B9EF90F0012941E /* AccentsViewController.swift */ = {isa = PBXFileReference; lastKnownFileType = sourcecode.swift; path = AccentsViewController.swift; sourceTree = "<group>"; };
		46433FDA2B9F08CB0012941E /* AlphabetVCCell.swift */ = {isa = PBXFileReference; lastKnownFileType = sourcecode.swift; path = AlphabetVCCell.swift; sourceTree = "<group>"; };
		46433FDD2B9F0E150012941E /* NumberVCCell.swift */ = {isa = PBXFileReference; lastKnownFileType = sourcecode.swift; path = NumberVCCell.swift; sourceTree = "<group>"; };
		46433FE02B9F12D00012941E /* AccentsVCCell.swift */ = {isa = PBXFileReference; lastKnownFileType = sourcecode.swift; path = AccentsVCCell.swift; sourceTree = "<group>"; };
		4649A7282B9EED13009423CC /* AlphabetViewController.swift */ = {isa = PBXFileReference; lastKnownFileType = sourcecode.swift; path = AlphabetViewController.swift; sourceTree = "<group>"; };
		4649A72A2B9EED1F009423CC /* NumbersViewController.swift */ = {isa = PBXFileReference; lastKnownFileType = sourcecode.swift; path = NumbersViewController.swift; sourceTree = "<group>"; };
		4650026C2BA8709300D5781D /* AbKeySettingVC.swift */ = {isa = PBXFileReference; lastKnownFileType = sourcecode.swift; path = AbKeySettingVC.swift; sourceTree = "<group>"; wrapsLines = 0; };
		467FEBB72BB57DEA00C42519 /* Howto.html */ = {isa = PBXFileReference; fileEncoding = 4; lastKnownFileType = text.html; name = Howto.html; path = ../../../../../Downloads/Howto.html; sourceTree = "<group>"; };
		467FEBB82BB57DEA00C42519 /* Agreement.html */ = {isa = PBXFileReference; fileEncoding = 4; lastKnownFileType = text.html; name = Agreement.html; path = ../../../../../Downloads/Agreement.html; sourceTree = "<group>"; };
		467FEBB92BB57DEA00C42519 /* Welcome.html */ = {isa = PBXFileReference; fileEncoding = 4; lastKnownFileType = text.html; name = Welcome.html; path = ../../../../../Downloads/Welcome.html; sourceTree = "<group>"; };
		46894B4A2BB28C8500FF01BD /* AboutAbkeyVC.swift */ = {isa = PBXFileReference; lastKnownFileType = sourcecode.swift; path = AboutAbkeyVC.swift; sourceTree = "<group>"; };
		46894B4C2BB2900500FF01BD /* WelcomeVC.swift */ = {isa = PBXFileReference; lastKnownFileType = sourcecode.swift; path = WelcomeVC.swift; sourceTree = "<group>"; };
		46894B4E2BB2901F00FF01BD /* HowToVC.swift */ = {isa = PBXFileReference; lastKnownFileType = sourcecode.swift; path = HowToVC.swift; sourceTree = "<group>"; };
		46894B502BB2903200FF01BD /* AggrementVC.swift */ = {isa = PBXFileReference; lastKnownFileType = sourcecode.swift; path = AggrementVC.swift; sourceTree = "<group>"; };
		468E02FE2B4FF2B80009DE0E /* CustomButton.swift */ = {isa = PBXFileReference; fileEncoding = 4; lastKnownFileType = sourcecode.swift; path = CustomButton.swift; sourceTree = "<group>"; };
		468E02FF2B4FF2B80009DE0E /* CustomKeyboardView.swift */ = {isa = PBXFileReference; fileEncoding = 4; lastKnownFileType = sourcecode.swift; path = CustomKeyboardView.swift; sourceTree = "<group>"; };
		468E03002B4FF2B80009DE0E /* CustomKeyboardView.xib */ = {isa = PBXFileReference; fileEncoding = 4; lastKnownFileType = file.xib; path = CustomKeyboardView.xib; sourceTree = "<group>"; };
		4693E10C2B9AE7DD0049A85D /* SettingViewController.swift */ = {isa = PBXFileReference; lastKnownFileType = sourcecode.swift; path = SettingViewController.swift; sourceTree = "<group>"; };
		46DA79502B4E94B500A9C180 /* AbKey.app */ = {isa = PBXFileReference; explicitFileType = wrapper.application; includeInIndex = 0; path = AbKey.app; sourceTree = BUILT_PRODUCTS_DIR; };
		46DA79532B4E94B500A9C180 /* AppDelegate.swift */ = {isa = PBXFileReference; lastKnownFileType = sourcecode.swift; path = AppDelegate.swift; sourceTree = "<group>"; };
		46DA79552B4E94B500A9C180 /* SceneDelegate.swift */ = {isa = PBXFileReference; lastKnownFileType = sourcecode.swift; path = SceneDelegate.swift; sourceTree = "<group>"; };
		46DA795A2B4E94B500A9C180 /* Base */ = {isa = PBXFileReference; lastKnownFileType = file.storyboard; name = Base; path = Base.lproj/Main.storyboard; sourceTree = "<group>"; };
		46DA795C2B4E94B600A9C180 /* Assets.xcassets */ = {isa = PBXFileReference; lastKnownFileType = folder.assetcatalog; path = Assets.xcassets; sourceTree = "<group>"; };
		46DA795F2B4E94B600A9C180 /* Base */ = {isa = PBXFileReference; lastKnownFileType = file.storyboard; name = Base; path = Base.lproj/LaunchScreen.storyboard; sourceTree = "<group>"; };
		46DA79612B4E94B600A9C180 /* Info.plist */ = {isa = PBXFileReference; lastKnownFileType = text.plist.xml; path = Info.plist; sourceTree = "<group>"; };
		46DA79662B4E94B600A9C180 /* AbKeyTests.xctest */ = {isa = PBXFileReference; explicitFileType = wrapper.cfbundle; includeInIndex = 0; path = AbKeyTests.xctest; sourceTree = BUILT_PRODUCTS_DIR; };
		46DA796A2B4E94B600A9C180 /* AbKeyTests.swift */ = {isa = PBXFileReference; lastKnownFileType = sourcecode.swift; path = AbKeyTests.swift; sourceTree = "<group>"; };
		46DA79702B4E94B600A9C180 /* AbKeyUITests.xctest */ = {isa = PBXFileReference; explicitFileType = wrapper.cfbundle; includeInIndex = 0; path = AbKeyUITests.xctest; sourceTree = BUILT_PRODUCTS_DIR; };
		46DA79742B4E94B600A9C180 /* AbKeyUITests.swift */ = {isa = PBXFileReference; lastKnownFileType = sourcecode.swift; path = AbKeyUITests.swift; sourceTree = "<group>"; };
		46DA79762B4E94B600A9C180 /* AbKeyUITestsLaunchTests.swift */ = {isa = PBXFileReference; lastKnownFileType = sourcecode.swift; path = AbKeyUITestsLaunchTests.swift; sourceTree = "<group>"; };
		46DA798A2B4E954A00A9C180 /* CustomKeyboardVC.swift */ = {isa = PBXFileReference; fileEncoding = 4; lastKnownFileType = sourcecode.swift; path = CustomKeyboardVC.swift; sourceTree = "<group>"; };
		46DA79902B4E959500A9C180 /* CustomKeyboardView.appex */ = {isa = PBXFileReference; explicitFileType = "wrapper.app-extension"; includeInIndex = 0; path = CustomKeyboardView.appex; sourceTree = BUILT_PRODUCTS_DIR; };
		46DA79922B4E959500A9C180 /* KeyboardViewController.swift */ = {isa = PBXFileReference; lastKnownFileType = sourcecode.swift; path = KeyboardViewController.swift; sourceTree = "<group>"; };
		46DA79942B4E959500A9C180 /* Info.plist */ = {isa = PBXFileReference; lastKnownFileType = text.plist.xml; path = Info.plist; sourceTree = "<group>"; };
		46E52A3A2BA4255800240FF7 /* HomePageVC.swift */ = {isa = PBXFileReference; lastKnownFileType = sourcecode.swift; path = HomePageVC.swift; sourceTree = "<group>"; };
		46FD2FB72B975A3200EC5806 /* PopUpView.swift */ = {isa = PBXFileReference; lastKnownFileType = sourcecode.swift; path = PopUpView.swift; sourceTree = "<group>"; };
		64635E8BB481433BDCD92079 /* Pods_AbKeyTests.framework */ = {isa = PBXFileReference; explicitFileType = wrapper.framework; includeInIndex = 0; path = Pods_AbKeyTests.framework; sourceTree = BUILT_PRODUCTS_DIR; };
		725E10ABE1A01B956847539C /* Pods-AbKey.debug.xcconfig */ = {isa = PBXFileReference; includeInIndex = 1; lastKnownFileType = text.xcconfig; name = "Pods-AbKey.debug.xcconfig"; path = "Target Support Files/Pods-AbKey/Pods-AbKey.debug.xcconfig"; sourceTree = "<group>"; };
		75FC946F77B45EC8265EB6FD /* Pods_AbKey.framework */ = {isa = PBXFileReference; explicitFileType = wrapper.framework; includeInIndex = 0; path = Pods_AbKey.framework; sourceTree = BUILT_PRODUCTS_DIR; };
		94A6D4CCBA0B0C2F2401278F /* Pods_CustomKeyboardView.framework */ = {isa = PBXFileReference; explicitFileType = wrapper.framework; includeInIndex = 0; path = Pods_CustomKeyboardView.framework; sourceTree = BUILT_PRODUCTS_DIR; };
		E290247DDB1F550A3014626F /* Pods-CustomKeyboardView.release.xcconfig */ = {isa = PBXFileReference; includeInIndex = 1; lastKnownFileType = text.xcconfig; name = "Pods-CustomKeyboardView.release.xcconfig"; path = "Target Support Files/Pods-CustomKeyboardView/Pods-CustomKeyboardView.release.xcconfig"; sourceTree = "<group>"; };
		E86ADC792FE7CE81D4771B6F /* Pods-AbKeyTests.release.xcconfig */ = {isa = PBXFileReference; includeInIndex = 1; lastKnownFileType = text.xcconfig; name = "Pods-AbKeyTests.release.xcconfig"; path = "Target Support Files/Pods-AbKeyTests/Pods-AbKeyTests.release.xcconfig"; sourceTree = "<group>"; };
/* End PBXFileReference section */

/* Begin PBXFrameworksBuildPhase section */
		46DA794D2B4E94B500A9C180 /* Frameworks */ = {
			isa = PBXFrameworksBuildPhase;
			buildActionMask = 2147483647;
			files = (
				049A45D2905162198FAFC6FC /* Pods_AbKey.framework in Frameworks */,
			);
			runOnlyForDeploymentPostprocessing = 0;
		};
		46DA79632B4E94B600A9C180 /* Frameworks */ = {
			isa = PBXFrameworksBuildPhase;
			buildActionMask = 2147483647;
			files = (
				6564FEC9A2D52428B1B13FD3 /* Pods_AbKeyTests.framework in Frameworks */,
			);
			runOnlyForDeploymentPostprocessing = 0;
		};
		46DA796D2B4E94B600A9C180 /* Frameworks */ = {
			isa = PBXFrameworksBuildPhase;
			buildActionMask = 2147483647;
			files = (
				227B70AEED1D8AEC1E96920F /* Pods_AbKey_AbKeyUITests.framework in Frameworks */,
			);
			runOnlyForDeploymentPostprocessing = 0;
		};
		46DA798D2B4E959400A9C180 /* Frameworks */ = {
			isa = PBXFrameworksBuildPhase;
			buildActionMask = 2147483647;
			files = (
				BB4016410C052C31EF64FC2F /* Pods_CustomKeyboardView.framework in Frameworks */,
			);
			runOnlyForDeploymentPostprocessing = 0;
		};
/* End PBXFrameworksBuildPhase section */

/* Begin PBXGroup section */
		427342FF126CDF4CD53FDE4A /* Pods */ = {
			isa = PBXGroup;
			children = (
				725E10ABE1A01B956847539C /* Pods-AbKey.debug.xcconfig */,
				3059875C827DCC5DE8BDBE2C /* Pods-AbKey.release.xcconfig */,
				01648B8885333F868BBC9B4C /* Pods-AbKey-AbKeyUITests.debug.xcconfig */,
				0E91558C5D9BF0CF02069F23 /* Pods-AbKey-AbKeyUITests.release.xcconfig */,
				256FDB94ACF833BF272184F4 /* Pods-AbKeyTests.debug.xcconfig */,
				E86ADC792FE7CE81D4771B6F /* Pods-AbKeyTests.release.xcconfig */,
				0792FE32B5D4C72C3E31572F /* Pods-CustomKeyboardView.debug.xcconfig */,
				E290247DDB1F550A3014626F /* Pods-CustomKeyboardView.release.xcconfig */,
			);
			path = Pods;
			sourceTree = "<group>";
		};
		462530302BA1BDB70084A09B /* ViewControllers */ = {
			isa = PBXGroup;
			children = (
				46433FD32B9EF90F0012941E /* AccentsViewController.swift */,
				4649A7282B9EED13009423CC /* AlphabetViewController.swift */,
				4649A72A2B9EED1F009423CC /* NumbersViewController.swift */,
				4693E10C2B9AE7DD0049A85D /* SettingViewController.swift */,
				46E52A3A2BA4255800240FF7 /* HomePageVC.swift */,
				4650026C2BA8709300D5781D /* AbKeySettingVC.swift */,
				46894B4A2BB28C8500FF01BD /* AboutAbkeyVC.swift */,
				46894B4C2BB2900500FF01BD /* WelcomeVC.swift */,
				46894B4E2BB2901F00FF01BD /* HowToVC.swift */,
				46894B502BB2903200FF01BD /* AggrementVC.swift */,
			);
			path = ViewControllers;
			sourceTree = "<group>";
		};
		462530312BA1BDEF0084A09B /* Cell */ = {
			isa = PBXGroup;
			children = (
				46433FDA2B9F08CB0012941E /* AlphabetVCCell.swift */,
				46433FDD2B9F0E150012941E /* NumberVCCell.swift */,
				46433FE02B9F12D00012941E /* AccentsVCCell.swift */,
			);
			path = Cell;
			sourceTree = "<group>";
		};
		462DD3E52BA17444008A83ED /* DatabaseHelper */ = {
			isa = PBXGroup;
			children = (
				462DD3E62BA17478008A83ED /* SQLiteDBHelper.swift */,
			);
			path = DatabaseHelper;
			sourceTree = "<group>";
		};
		467FEBB62BB57DAB00C42519 /* HTML File */ = {
			isa = PBXGroup;
			children = (
				467FEBB82BB57DEA00C42519 /* Agreement.html */,
				467FEBB72BB57DEA00C42519 /* Howto.html */,
				467FEBB92BB57DEA00C42519 /* Welcome.html */,
			);
			path = "HTML File";
			sourceTree = "<group>";
		};
		468E02FD2B4FF2B80009DE0E /* CustomKeyboardView */ = {
			isa = PBXGroup;
			children = (
				468E02FE2B4FF2B80009DE0E /* CustomButton.swift */,
				468E02FF2B4FF2B80009DE0E /* CustomKeyboardView.swift */,
				468E03002B4FF2B80009DE0E /* CustomKeyboardView.xib */,
			);
			name = CustomKeyboardView;
			path = "../../../../Downloads/ios-custom-keyboard-main/CustomKeyboard/CustomKeyboardView";
			sourceTree = "<group>";
		};
		46DA79472B4E94B500A9C180 = {
			isa = PBXGroup;
			children = (
				46DA79522B4E94B500A9C180 /* AbKey */,
				46DA79692B4E94B600A9C180 /* AbKeyTests */,
				46DA79732B4E94B600A9C180 /* AbKeyUITests */,
				46DA79912B4E959500A9C180 /* CustomKeyboardView */,
				46DA79512B4E94B500A9C180 /* Products */,
				6E78BA62212294057C079C82 /* Frameworks */,
				427342FF126CDF4CD53FDE4A /* Pods */,
			);
			sourceTree = "<group>";
		};
		46DA79512B4E94B500A9C180 /* Products */ = {
			isa = PBXGroup;
			children = (
				46DA79502B4E94B500A9C180 /* AbKey.app */,
				46DA79662B4E94B600A9C180 /* AbKeyTests.xctest */,
				46DA79702B4E94B600A9C180 /* AbKeyUITests.xctest */,
				46DA79902B4E959500A9C180 /* CustomKeyboardView.appex */,
			);
			name = Products;
			sourceTree = "<group>";
		};
		46DA79522B4E94B500A9C180 /* AbKey */ = {
			isa = PBXGroup;
			children = (
				467FEBB62BB57DAB00C42519 /* HTML File */,
				4625302F2BA1BBED0084A09B /* AbKey.entitlements */,
				462DD3E52BA17444008A83ED /* DatabaseHelper */,
				468E02FD2B4FF2B80009DE0E /* CustomKeyboardView */,
				462530302BA1BDB70084A09B /* ViewControllers */,
				462530312BA1BDEF0084A09B /* Cell */,
				46DA79532B4E94B500A9C180 /* AppDelegate.swift */,
				46DA79552B4E94B500A9C180 /* SceneDelegate.swift */,
				46DA798A2B4E954A00A9C180 /* CustomKeyboardVC.swift */,
				46DA79592B4E94B500A9C180 /* Main.storyboard */,
				46DA795C2B4E94B600A9C180 /* Assets.xcassets */,
				46DA795E2B4E94B600A9C180 /* LaunchScreen.storyboard */,
				46DA79612B4E94B600A9C180 /* Info.plist */,
				46FD2FB72B975A3200EC5806 /* PopUpView.swift */,
			);
			path = AbKey;
			sourceTree = "<group>";
		};
		46DA79692B4E94B600A9C180 /* AbKeyTests */ = {
			isa = PBXGroup;
			children = (
				46DA796A2B4E94B600A9C180 /* AbKeyTests.swift */,
			);
			path = AbKeyTests;
			sourceTree = "<group>";
		};
		46DA79732B4E94B600A9C180 /* AbKeyUITests */ = {
			isa = PBXGroup;
			children = (
				46DA79742B4E94B600A9C180 /* AbKeyUITests.swift */,
				46DA79762B4E94B600A9C180 /* AbKeyUITestsLaunchTests.swift */,
			);
			path = AbKeyUITests;
			sourceTree = "<group>";
		};
		46DA79912B4E959500A9C180 /* CustomKeyboardView */ = {
			isa = PBXGroup;
			children = (
				462DD3E92BA1B24E008A83ED /* CustomKeyboardView.entitlements */,
				46DA79922B4E959500A9C180 /* KeyboardViewController.swift */,
				46DA79942B4E959500A9C180 /* Info.plist */,
			);
			path = CustomKeyboardView;
			sourceTree = "<group>";
		};
		6E78BA62212294057C079C82 /* Frameworks */ = {
			isa = PBXGroup;
			children = (
				75FC946F77B45EC8265EB6FD /* Pods_AbKey.framework */,
				3E953A132FCA5A1B8F9D7B9B /* Pods_AbKey_AbKeyUITests.framework */,
				64635E8BB481433BDCD92079 /* Pods_AbKeyTests.framework */,
				94A6D4CCBA0B0C2F2401278F /* Pods_CustomKeyboardView.framework */,
			);
			name = Frameworks;
			sourceTree = "<group>";
		};
/* End PBXGroup section */

/* Begin PBXNativeTarget section */
		46DA794F2B4E94B500A9C180 /* AbKey */ = {
			isa = PBXNativeTarget;
			buildConfigurationList = 46DA797A2B4E94B600A9C180 /* Build configuration list for PBXNativeTarget "AbKey" */;
			buildPhases = (
				D871E5C6A53E10AF5DD8E478 /* [CP] Check Pods Manifest.lock */,
				46DA794C2B4E94B500A9C180 /* Sources */,
				46DA794D2B4E94B500A9C180 /* Frameworks */,
				46DA794E2B4E94B500A9C180 /* Resources */,
				46DA799B2B4E959500A9C180 /* Embed Foundation Extensions */,
				6736FDDA84E66B982E81306E /* [CP] Embed Pods Frameworks */,
			);
			buildRules = (
			);
			dependencies = (
				46DA79962B4E959500A9C180 /* PBXTargetDependency */,
			);
			name = AbKey;
			productName = AbKey;
			productReference = 46DA79502B4E94B500A9C180 /* AbKey.app */;
			productType = "com.apple.product-type.application";
		};
		46DA79652B4E94B600A9C180 /* AbKeyTests */ = {
			isa = PBXNativeTarget;
			buildConfigurationList = 46DA797D2B4E94B600A9C180 /* Build configuration list for PBXNativeTarget "AbKeyTests" */;
			buildPhases = (
				CECE632145BE8342BCE21933 /* [CP] Check Pods Manifest.lock */,
				46DA79622B4E94B600A9C180 /* Sources */,
				46DA79632B4E94B600A9C180 /* Frameworks */,
				46DA79642B4E94B600A9C180 /* Resources */,
			);
			buildRules = (
			);
			dependencies = (
				46DA79682B4E94B600A9C180 /* PBXTargetDependency */,
			);
			name = AbKeyTests;
			productName = AbKeyTests;
			productReference = 46DA79662B4E94B600A9C180 /* AbKeyTests.xctest */;
			productType = "com.apple.product-type.bundle.unit-test";
		};
		46DA796F2B4E94B600A9C180 /* AbKeyUITests */ = {
			isa = PBXNativeTarget;
			buildConfigurationList = 46DA79802B4E94B600A9C180 /* Build configuration list for PBXNativeTarget "AbKeyUITests" */;
			buildPhases = (
				051D9107F3C02F218A7EAE0B /* [CP] Check Pods Manifest.lock */,
				46DA796C2B4E94B600A9C180 /* Sources */,
				46DA796D2B4E94B600A9C180 /* Frameworks */,
				46DA796E2B4E94B600A9C180 /* Resources */,
			);
			buildRules = (
			);
			dependencies = (
				46DA79722B4E94B600A9C180 /* PBXTargetDependency */,
			);
			name = AbKeyUITests;
			productName = AbKeyUITests;
			productReference = 46DA79702B4E94B600A9C180 /* AbKeyUITests.xctest */;
			productType = "com.apple.product-type.bundle.ui-testing";
		};
		46DA798F2B4E959400A9C180 /* CustomKeyboardView */ = {
			isa = PBXNativeTarget;
			buildConfigurationList = 46DA79982B4E959500A9C180 /* Build configuration list for PBXNativeTarget "CustomKeyboardView" */;
			buildPhases = (
				0402EA6AE1D21D8BC23AB0BB /* [CP] Check Pods Manifest.lock */,
				46DA798C2B4E959400A9C180 /* Sources */,
				46DA798D2B4E959400A9C180 /* Frameworks */,
				46DA798E2B4E959400A9C180 /* Resources */,
			);
			buildRules = (
			);
			dependencies = (
			);
			name = CustomKeyboardView;
			productName = CustomKeyboardView;
			productReference = 46DA79902B4E959500A9C180 /* CustomKeyboardView.appex */;
			productType = "com.apple.product-type.app-extension";
		};
/* End PBXNativeTarget section */

/* Begin PBXProject section */
		46DA79482B4E94B500A9C180 /* Project object */ = {
			isa = PBXProject;
			attributes = {
				BuildIndependentTargetsInParallel = 1;
				LastSwiftUpdateCheck = 1410;
				LastUpgradeCheck = 1410;
				TargetAttributes = {
					46DA794F2B4E94B500A9C180 = {
						CreatedOnToolsVersion = 14.1;
					};
					46DA79652B4E94B600A9C180 = {
						CreatedOnToolsVersion = 14.1;
						TestTargetID = 46DA794F2B4E94B500A9C180;
					};
					46DA796F2B4E94B600A9C180 = {
						CreatedOnToolsVersion = 14.1;
						TestTargetID = 46DA794F2B4E94B500A9C180;
					};
					46DA798F2B4E959400A9C180 = {
						CreatedOnToolsVersion = 14.1;
					};
				};
			};
			buildConfigurationList = 46DA794B2B4E94B500A9C180 /* Build configuration list for PBXProject "AbKey" */;
			compatibilityVersion = "Xcode 14.0";
			developmentRegion = en;
			hasScannedForEncodings = 0;
			knownRegions = (
				en,
				Base,
			);
			mainGroup = 46DA79472B4E94B500A9C180;
			productRefGroup = 46DA79512B4E94B500A9C180 /* Products */;
			projectDirPath = "";
			projectRoot = "";
			targets = (
				46DA794F2B4E94B500A9C180 /* AbKey */,
				46DA79652B4E94B600A9C180 /* AbKeyTests */,
				46DA796F2B4E94B600A9C180 /* AbKeyUITests */,
				46DA798F2B4E959400A9C180 /* CustomKeyboardView */,
			);
		};
/* End PBXProject section */

/* Begin PBXResourcesBuildPhase section */
		46DA794E2B4E94B500A9C180 /* Resources */ = {
			isa = PBXResourcesBuildPhase;
			buildActionMask = 2147483647;
			files = (
				46DA79602B4E94B600A9C180 /* LaunchScreen.storyboard in Resources */,
				467FEBBB2BB57DEA00C42519 /* Agreement.html in Resources */,
				467FEBBA2BB57DEA00C42519 /* Howto.html in Resources */,
				46DA795D2B4E94B600A9C180 /* Assets.xcassets in Resources */,
				468E03032B4FF2B80009DE0E /* CustomKeyboardView.xib in Resources */,
				46DA795B2B4E94B500A9C180 /* Main.storyboard in Resources */,
				467FEBBC2BB57DEA00C42519 /* Welcome.html in Resources */,
			);
			runOnlyForDeploymentPostprocessing = 0;
		};
		46DA79642B4E94B600A9C180 /* Resources */ = {
			isa = PBXResourcesBuildPhase;
			buildActionMask = 2147483647;
			files = (
			);
			runOnlyForDeploymentPostprocessing = 0;
		};
		46DA796E2B4E94B600A9C180 /* Resources */ = {
			isa = PBXResourcesBuildPhase;
			buildActionMask = 2147483647;
			files = (
			);
			runOnlyForDeploymentPostprocessing = 0;
		};
		46DA798E2B4E959400A9C180 /* Resources */ = {
			isa = PBXResourcesBuildPhase;
			buildActionMask = 2147483647;
			files = (
				468E03062B4FF2C00009DE0E /* CustomKeyboardView.xib in Resources */,
				46DA799F2B4E96C000A9C180 /* Assets.xcassets in Resources */,
			);
			runOnlyForDeploymentPostprocessing = 0;
		};
/* End PBXResourcesBuildPhase section */

/* Begin PBXShellScriptBuildPhase section */
		0402EA6AE1D21D8BC23AB0BB /* [CP] Check Pods Manifest.lock */ = {
			isa = PBXShellScriptBuildPhase;
			buildActionMask = 2147483647;
			files = (
			);
			inputFileListPaths = (
			);
			inputPaths = (
				"${PODS_PODFILE_DIR_PATH}/Podfile.lock",
				"${PODS_ROOT}/Manifest.lock",
			);
			name = "[CP] Check Pods Manifest.lock";
			outputFileListPaths = (
			);
			outputPaths = (
				"$(DERIVED_FILE_DIR)/Pods-CustomKeyboardView-checkManifestLockResult.txt",
			);
			runOnlyForDeploymentPostprocessing = 0;
			shellPath = /bin/sh;
			shellScript = "diff \"${PODS_PODFILE_DIR_PATH}/Podfile.lock\" \"${PODS_ROOT}/Manifest.lock\" > /dev/null\nif [ $? != 0 ] ; then\n    # print error to STDERR\n    echo \"error: The sandbox is not in sync with the Podfile.lock. Run 'pod install' or update your CocoaPods installation.\" >&2\n    exit 1\nfi\n# This output is used by Xcode 'outputs' to avoid re-running this script phase.\necho \"SUCCESS\" > \"${SCRIPT_OUTPUT_FILE_0}\"\n";
			showEnvVarsInLog = 0;
		};
		051D9107F3C02F218A7EAE0B /* [CP] Check Pods Manifest.lock */ = {
			isa = PBXShellScriptBuildPhase;
			buildActionMask = 2147483647;
			files = (
			);
			inputFileListPaths = (
			);
			inputPaths = (
				"${PODS_PODFILE_DIR_PATH}/Podfile.lock",
				"${PODS_ROOT}/Manifest.lock",
			);
			name = "[CP] Check Pods Manifest.lock";
			outputFileListPaths = (
			);
			outputPaths = (
				"$(DERIVED_FILE_DIR)/Pods-AbKey-AbKeyUITests-checkManifestLockResult.txt",
			);
			runOnlyForDeploymentPostprocessing = 0;
			shellPath = /bin/sh;
			shellScript = "diff \"${PODS_PODFILE_DIR_PATH}/Podfile.lock\" \"${PODS_ROOT}/Manifest.lock\" > /dev/null\nif [ $? != 0 ] ; then\n    # print error to STDERR\n    echo \"error: The sandbox is not in sync with the Podfile.lock. Run 'pod install' or update your CocoaPods installation.\" >&2\n    exit 1\nfi\n# This output is used by Xcode 'outputs' to avoid re-running this script phase.\necho \"SUCCESS\" > \"${SCRIPT_OUTPUT_FILE_0}\"\n";
			showEnvVarsInLog = 0;
		};
		6736FDDA84E66B982E81306E /* [CP] Embed Pods Frameworks */ = {
			isa = PBXShellScriptBuildPhase;
			buildActionMask = 2147483647;
			files = (
			);
			inputFileListPaths = (
				"${PODS_ROOT}/Target Support Files/Pods-AbKey/Pods-AbKey-frameworks-${CONFIGURATION}-input-files.xcfilelist",
			);
			name = "[CP] Embed Pods Frameworks";
			outputFileListPaths = (
				"${PODS_ROOT}/Target Support Files/Pods-AbKey/Pods-AbKey-frameworks-${CONFIGURATION}-output-files.xcfilelist",
			);
			runOnlyForDeploymentPostprocessing = 0;
			shellPath = /bin/sh;
			shellScript = "\"${PODS_ROOT}/Target Support Files/Pods-AbKey/Pods-AbKey-frameworks.sh\"\n";
			showEnvVarsInLog = 0;
		};
		CECE632145BE8342BCE21933 /* [CP] Check Pods Manifest.lock */ = {
			isa = PBXShellScriptBuildPhase;
			buildActionMask = 2147483647;
			files = (
			);
			inputFileListPaths = (
			);
			inputPaths = (
				"${PODS_PODFILE_DIR_PATH}/Podfile.lock",
				"${PODS_ROOT}/Manifest.lock",
			);
			name = "[CP] Check Pods Manifest.lock";
			outputFileListPaths = (
			);
			outputPaths = (
				"$(DERIVED_FILE_DIR)/Pods-AbKeyTests-checkManifestLockResult.txt",
			);
			runOnlyForDeploymentPostprocessing = 0;
			shellPath = /bin/sh;
			shellScript = "diff \"${PODS_PODFILE_DIR_PATH}/Podfile.lock\" \"${PODS_ROOT}/Manifest.lock\" > /dev/null\nif [ $? != 0 ] ; then\n    # print error to STDERR\n    echo \"error: The sandbox is not in sync with the Podfile.lock. Run 'pod install' or update your CocoaPods installation.\" >&2\n    exit 1\nfi\n# This output is used by Xcode 'outputs' to avoid re-running this script phase.\necho \"SUCCESS\" > \"${SCRIPT_OUTPUT_FILE_0}\"\n";
			showEnvVarsInLog = 0;
		};
		D871E5C6A53E10AF5DD8E478 /* [CP] Check Pods Manifest.lock */ = {
			isa = PBXShellScriptBuildPhase;
			buildActionMask = 2147483647;
			files = (
			);
			inputFileListPaths = (
			);
			inputPaths = (
				"${PODS_PODFILE_DIR_PATH}/Podfile.lock",
				"${PODS_ROOT}/Manifest.lock",
			);
			name = "[CP] Check Pods Manifest.lock";
			outputFileListPaths = (
			);
			outputPaths = (
				"$(DERIVED_FILE_DIR)/Pods-AbKey-checkManifestLockResult.txt",
			);
			runOnlyForDeploymentPostprocessing = 0;
			shellPath = /bin/sh;
			shellScript = "diff \"${PODS_PODFILE_DIR_PATH}/Podfile.lock\" \"${PODS_ROOT}/Manifest.lock\" > /dev/null\nif [ $? != 0 ] ; then\n    # print error to STDERR\n    echo \"error: The sandbox is not in sync with the Podfile.lock. Run 'pod install' or update your CocoaPods installation.\" >&2\n    exit 1\nfi\n# This output is used by Xcode 'outputs' to avoid re-running this script phase.\necho \"SUCCESS\" > \"${SCRIPT_OUTPUT_FILE_0}\"\n";
			showEnvVarsInLog = 0;
		};
/* End PBXShellScriptBuildPhase section */

/* Begin PBXSourcesBuildPhase section */
		46DA794C2B4E94B500A9C180 /* Sources */ = {
			isa = PBXSourcesBuildPhase;
			buildActionMask = 2147483647;
			files = (
				46433FD42B9EF90F0012941E /* AccentsViewController.swift in Sources */,
				4649A72B2B9EED1F009423CC /* NumbersViewController.swift in Sources */,
				46894B4F2BB2901F00FF01BD /* HowToVC.swift in Sources */,
				4650026D2BA8709300D5781D /* AbKeySettingVC.swift in Sources */,
				46894B4B2BB28C8500FF01BD /* AboutAbkeyVC.swift in Sources */,
				468E03012B4FF2B80009DE0E /* CustomButton.swift in Sources */,
				46DA79542B4E94B500A9C180 /* AppDelegate.swift in Sources */,
				46DA798B2B4E954A00A9C180 /* CustomKeyboardVC.swift in Sources */,
				46E52A3B2BA4255800240FF7 /* HomePageVC.swift in Sources */,
				46433FDB2B9F08CB0012941E /* AlphabetVCCell.swift in Sources */,
				46433FE12B9F12D00012941E /* AccentsVCCell.swift in Sources */,
				462DD3E72BA17478008A83ED /* SQLiteDBHelper.swift in Sources */,
				46FD2FB82B975A3200EC5806 /* PopUpView.swift in Sources */,
				46DA79562B4E94B500A9C180 /* SceneDelegate.swift in Sources */,
				468070C12B9EC88A003E2804 /* SettingViewController.swift in Sources */,
				468E03022B4FF2B80009DE0E /* CustomKeyboardView.swift in Sources */,
				46894B4D2BB2900500FF01BD /* WelcomeVC.swift in Sources */,
				4649A7292B9EED13009423CC /* AlphabetViewController.swift in Sources */,
				46433FDE2B9F0E150012941E /* NumberVCCell.swift in Sources */,
				46894B512BB2903200FF01BD /* AggrementVC.swift in Sources */,
			);
			runOnlyForDeploymentPostprocessing = 0;
		};
		46DA79622B4E94B600A9C180 /* Sources */ = {
			isa = PBXSourcesBuildPhase;
			buildActionMask = 2147483647;
			files = (
				46DA796B2B4E94B600A9C180 /* AbKeyTests.swift in Sources */,
			);
			runOnlyForDeploymentPostprocessing = 0;
		};
		46DA796C2B4E94B600A9C180 /* Sources */ = {
			isa = PBXSourcesBuildPhase;
			buildActionMask = 2147483647;
			files = (
				46DA79752B4E94B600A9C180 /* AbKeyUITests.swift in Sources */,
				46DA79772B4E94B600A9C180 /* AbKeyUITestsLaunchTests.swift in Sources */,
			);
			runOnlyForDeploymentPostprocessing = 0;
		};
		46DA798C2B4E959400A9C180 /* Sources */ = {
			isa = PBXSourcesBuildPhase;
			buildActionMask = 2147483647;
			files = (
				468E03042B4FF2C00009DE0E /* CustomButton.swift in Sources */,
				46433FDC2B9F0A590012941E /* AlphabetVCCell.swift in Sources */,
				46DA79932B4E959500A9C180 /* KeyboardViewController.swift in Sources */,
				468E03052B4FF2C00009DE0E /* CustomKeyboardView.swift in Sources */,
				4649A72D2B9EEDED009423CC /* NumbersViewController.swift in Sources */,
				4649A72C2B9EEDED009423CC /* AlphabetViewController.swift in Sources */,
				468070C02B9EC87B003E2804 /* SettingViewController.swift in Sources */,
				46433FD52B9EFAC50012941E /* AccentsViewController.swift in Sources */,
				462DD3E82BA17480008A83ED /* SQLiteDBHelper.swift in Sources */,
				46433FE22B9F13850012941E /* AccentsVCCell.swift in Sources */,
				46433FDF2B9F0E190012941E /* NumberVCCell.swift in Sources */,
			);
			runOnlyForDeploymentPostprocessing = 0;
		};
/* End PBXSourcesBuildPhase section */

/* Begin PBXTargetDependency section */
		46DA79682B4E94B600A9C180 /* PBXTargetDependency */ = {
			isa = PBXTargetDependency;
			target = 46DA794F2B4E94B500A9C180 /* AbKey */;
			targetProxy = 46DA79672B4E94B600A9C180 /* PBXContainerItemProxy */;
		};
		46DA79722B4E94B600A9C180 /* PBXTargetDependency */ = {
			isa = PBXTargetDependency;
			target = 46DA794F2B4E94B500A9C180 /* AbKey */;
			targetProxy = 46DA79712B4E94B600A9C180 /* PBXContainerItemProxy */;
		};
		46DA79962B4E959500A9C180 /* PBXTargetDependency */ = {
			isa = PBXTargetDependency;
			target = 46DA798F2B4E959400A9C180 /* CustomKeyboardView */;
			targetProxy = 46DA79952B4E959500A9C180 /* PBXContainerItemProxy */;
		};
/* End PBXTargetDependency section */

/* Begin PBXVariantGroup section */
		46DA79592B4E94B500A9C180 /* Main.storyboard */ = {
			isa = PBXVariantGroup;
			children = (
				46DA795A2B4E94B500A9C180 /* Base */,
			);
			name = Main.storyboard;
			sourceTree = "<group>";
		};
		46DA795E2B4E94B600A9C180 /* LaunchScreen.storyboard */ = {
			isa = PBXVariantGroup;
			children = (
				46DA795F2B4E94B600A9C180 /* Base */,
			);
			name = LaunchScreen.storyboard;
			sourceTree = "<group>";
		};
/* End PBXVariantGroup section */

/* Begin XCBuildConfiguration section */
		46DA79782B4E94B600A9C180 /* Debug */ = {
			isa = XCBuildConfiguration;
			buildSettings = {
				ALWAYS_SEARCH_USER_PATHS = NO;
				CLANG_ANALYZER_NONNULL = YES;
				CLANG_ANALYZER_NUMBER_OBJECT_CONVERSION = YES_AGGRESSIVE;
				CLANG_CXX_LANGUAGE_STANDARD = "gnu++20";
				CLANG_ENABLE_MODULES = YES;
				CLANG_ENABLE_OBJC_ARC = YES;
				CLANG_ENABLE_OBJC_WEAK = YES;
				CLANG_WARN_BLOCK_CAPTURE_AUTORELEASING = YES;
				CLANG_WARN_BOOL_CONVERSION = YES;
				CLANG_WARN_COMMA = YES;
				CLANG_WARN_CONSTANT_CONVERSION = YES;
				CLANG_WARN_DEPRECATED_OBJC_IMPLEMENTATIONS = YES;
				CLANG_WARN_DIRECT_OBJC_ISA_USAGE = YES_ERROR;
				CLANG_WARN_DOCUMENTATION_COMMENTS = YES;
				CLANG_WARN_EMPTY_BODY = YES;
				CLANG_WARN_ENUM_CONVERSION = YES;
				CLANG_WARN_INFINITE_RECURSION = YES;
				CLANG_WARN_INT_CONVERSION = YES;
				CLANG_WARN_NON_LITERAL_NULL_CONVERSION = YES;
				CLANG_WARN_OBJC_IMPLICIT_RETAIN_SELF = YES;
				CLANG_WARN_OBJC_LITERAL_CONVERSION = YES;
				CLANG_WARN_OBJC_ROOT_CLASS = YES_ERROR;
				CLANG_WARN_QUOTED_INCLUDE_IN_FRAMEWORK_HEADER = YES;
				CLANG_WARN_RANGE_LOOP_ANALYSIS = YES;
				CLANG_WARN_STRICT_PROTOTYPES = YES;
				CLANG_WARN_SUSPICIOUS_MOVE = YES;
				CLANG_WARN_UNGUARDED_AVAILABILITY = YES_AGGRESSIVE;
				CLANG_WARN_UNREACHABLE_CODE = YES;
				CLANG_WARN__DUPLICATE_METHOD_MATCH = YES;
				COPY_PHASE_STRIP = NO;
				DEBUG_INFORMATION_FORMAT = dwarf;
				ENABLE_STRICT_OBJC_MSGSEND = YES;
				ENABLE_TESTABILITY = YES;
				GCC_C_LANGUAGE_STANDARD = gnu11;
				GCC_DYNAMIC_NO_PIC = NO;
				GCC_NO_COMMON_BLOCKS = YES;
				GCC_OPTIMIZATION_LEVEL = 0;
				GCC_PREPROCESSOR_DEFINITIONS = (
					"DEBUG=1",
					"$(inherited)",
				);
				GCC_WARN_64_TO_32_BIT_CONVERSION = YES;
				GCC_WARN_ABOUT_RETURN_TYPE = YES_ERROR;
				GCC_WARN_UNDECLARED_SELECTOR = YES;
				GCC_WARN_UNINITIALIZED_AUTOS = YES_AGGRESSIVE;
				GCC_WARN_UNUSED_FUNCTION = YES;
				GCC_WARN_UNUSED_VARIABLE = YES;
				IPHONEOS_DEPLOYMENT_TARGET = 16.1;
				MTL_ENABLE_DEBUG_INFO = INCLUDE_SOURCE;
				MTL_FAST_MATH = YES;
				ONLY_ACTIVE_ARCH = YES;
				SDKROOT = iphoneos;
				SWIFT_ACTIVE_COMPILATION_CONDITIONS = DEBUG;
				SWIFT_OPTIMIZATION_LEVEL = "-Onone";
			};
			name = Debug;
		};
		46DA79792B4E94B600A9C180 /* Release */ = {
			isa = XCBuildConfiguration;
			buildSettings = {
				ALWAYS_SEARCH_USER_PATHS = NO;
				CLANG_ANALYZER_NONNULL = YES;
				CLANG_ANALYZER_NUMBER_OBJECT_CONVERSION = YES_AGGRESSIVE;
				CLANG_CXX_LANGUAGE_STANDARD = "gnu++20";
				CLANG_ENABLE_MODULES = YES;
				CLANG_ENABLE_OBJC_ARC = YES;
				CLANG_ENABLE_OBJC_WEAK = YES;
				CLANG_WARN_BLOCK_CAPTURE_AUTORELEASING = YES;
				CLANG_WARN_BOOL_CONVERSION = YES;
				CLANG_WARN_COMMA = YES;
				CLANG_WARN_CONSTANT_CONVERSION = YES;
				CLANG_WARN_DEPRECATED_OBJC_IMPLEMENTATIONS = YES;
				CLANG_WARN_DIRECT_OBJC_ISA_USAGE = YES_ERROR;
				CLANG_WARN_DOCUMENTATION_COMMENTS = YES;
				CLANG_WARN_EMPTY_BODY = YES;
				CLANG_WARN_ENUM_CONVERSION = YES;
				CLANG_WARN_INFINITE_RECURSION = YES;
				CLANG_WARN_INT_CONVERSION = YES;
				CLANG_WARN_NON_LITERAL_NULL_CONVERSION = YES;
				CLANG_WARN_OBJC_IMPLICIT_RETAIN_SELF = YES;
				CLANG_WARN_OBJC_LITERAL_CONVERSION = YES;
				CLANG_WARN_OBJC_ROOT_CLASS = YES_ERROR;
				CLANG_WARN_QUOTED_INCLUDE_IN_FRAMEWORK_HEADER = YES;
				CLANG_WARN_RANGE_LOOP_ANALYSIS = YES;
				CLANG_WARN_STRICT_PROTOTYPES = YES;
				CLANG_WARN_SUSPICIOUS_MOVE = YES;
				CLANG_WARN_UNGUARDED_AVAILABILITY = YES_AGGRESSIVE;
				CLANG_WARN_UNREACHABLE_CODE = YES;
				CLANG_WARN__DUPLICATE_METHOD_MATCH = YES;
				COPY_PHASE_STRIP = NO;
				DEBUG_INFORMATION_FORMAT = "dwarf-with-dsym";
				ENABLE_NS_ASSERTIONS = NO;
				ENABLE_STRICT_OBJC_MSGSEND = YES;
				GCC_C_LANGUAGE_STANDARD = gnu11;
				GCC_NO_COMMON_BLOCKS = YES;
				GCC_WARN_64_TO_32_BIT_CONVERSION = YES;
				GCC_WARN_ABOUT_RETURN_TYPE = YES_ERROR;
				GCC_WARN_UNDECLARED_SELECTOR = YES;
				GCC_WARN_UNINITIALIZED_AUTOS = YES_AGGRESSIVE;
				GCC_WARN_UNUSED_FUNCTION = YES;
				GCC_WARN_UNUSED_VARIABLE = YES;
				IPHONEOS_DEPLOYMENT_TARGET = 16.1;
				MTL_ENABLE_DEBUG_INFO = NO;
				MTL_FAST_MATH = YES;
				SDKROOT = iphoneos;
				SWIFT_COMPILATION_MODE = wholemodule;
				SWIFT_OPTIMIZATION_LEVEL = "-O";
				VALIDATE_PRODUCT = YES;
			};
			name = Release;
		};
		46DA797B2B4E94B600A9C180 /* Debug */ = {
			isa = XCBuildConfiguration;
			baseConfigurationReference = 725E10ABE1A01B956847539C /* Pods-AbKey.debug.xcconfig */;
			buildSettings = {
				ALWAYS_EMBED_SWIFT_STANDARD_LIBRARIES = YES;
				ASSETCATALOG_COMPILER_APPICON_NAME = AppIcon;
				ASSETCATALOG_COMPILER_GLOBAL_ACCENT_COLOR_NAME = AccentColor;
				CODE_SIGN_ENTITLEMENTS = AbKey/AbKey.entitlements;
				CODE_SIGN_STYLE = Automatic;
				CURRENT_PROJECT_VERSION = 1;
				DEVELOPMENT_TEAM = 3MURND37P8;
				GENERATE_INFOPLIST_FILE = YES;
				INFOPLIST_FILE = AbKey/Info.plist;
				INFOPLIST_KEY_UIApplicationSupportsIndirectInputEvents = YES;
				INFOPLIST_KEY_UILaunchStoryboardName = LaunchScreen;
				INFOPLIST_KEY_UIMainStoryboardFile = Main;
				INFOPLIST_KEY_UISupportedInterfaceOrientations_iPad = "UIInterfaceOrientationPortrait UIInterfaceOrientationPortraitUpsideDown UIInterfaceOrientationLandscapeLeft UIInterfaceOrientationLandscapeRight";
				INFOPLIST_KEY_UISupportedInterfaceOrientations_iPhone = "UIInterfaceOrientationPortrait UIInterfaceOrientationLandscapeLeft UIInterfaceOrientationLandscapeRight";
				LD_RUNPATH_SEARCH_PATHS = (
					"$(inherited)",
					"@executable_path/Frameworks",
				);
				MARKETING_VERSION = 1.0;
				PRODUCT_BUNDLE_IDENTIFIER = "Promact-Infotech-Pvt.-Ltd..AbKey";
				PRODUCT_NAME = "$(TARGET_NAME)";
				SWIFT_EMIT_LOC_STRINGS = YES;
				SWIFT_VERSION = 5.0;
				TARGETED_DEVICE_FAMILY = "1,2";
			};
			name = Debug;
		};
		46DA797C2B4E94B600A9C180 /* Release */ = {
			isa = XCBuildConfiguration;
			baseConfigurationReference = 3059875C827DCC5DE8BDBE2C /* Pods-AbKey.release.xcconfig */;
			buildSettings = {
				ALWAYS_EMBED_SWIFT_STANDARD_LIBRARIES = YES;
				ASSETCATALOG_COMPILER_APPICON_NAME = AppIcon;
				ASSETCATALOG_COMPILER_GLOBAL_ACCENT_COLOR_NAME = AccentColor;
				CODE_SIGN_ENTITLEMENTS = AbKey/AbKey.entitlements;
				CODE_SIGN_STYLE = Automatic;
				CURRENT_PROJECT_VERSION = 1;
				DEVELOPMENT_TEAM = 3MURND37P8;
				GENERATE_INFOPLIST_FILE = YES;
				INFOPLIST_FILE = AbKey/Info.plist;
				INFOPLIST_KEY_UIApplicationSupportsIndirectInputEvents = YES;
				INFOPLIST_KEY_UILaunchStoryboardName = LaunchScreen;
				INFOPLIST_KEY_UIMainStoryboardFile = Main;
				INFOPLIST_KEY_UISupportedInterfaceOrientations_iPad = "UIInterfaceOrientationPortrait UIInterfaceOrientationPortraitUpsideDown UIInterfaceOrientationLandscapeLeft UIInterfaceOrientationLandscapeRight";
				INFOPLIST_KEY_UISupportedInterfaceOrientations_iPhone = "UIInterfaceOrientationPortrait UIInterfaceOrientationLandscapeLeft UIInterfaceOrientationLandscapeRight";
				LD_RUNPATH_SEARCH_PATHS = (
					"$(inherited)",
					"@executable_path/Frameworks",
				);
				MARKETING_VERSION = 1.0;
				PRODUCT_BUNDLE_IDENTIFIER = "Promact-Infotech-Pvt.-Ltd..AbKey";
				PRODUCT_NAME = "$(TARGET_NAME)";
				SWIFT_EMIT_LOC_STRINGS = YES;
				SWIFT_VERSION = 5.0;
				TARGETED_DEVICE_FAMILY = "1,2";
			};
			name = Release;
		};
		46DA797E2B4E94B600A9C180 /* Debug */ = {
			isa = XCBuildConfiguration;
			baseConfigurationReference = 256FDB94ACF833BF272184F4 /* Pods-AbKeyTests.debug.xcconfig */;
			buildSettings = {
				ALWAYS_EMBED_SWIFT_STANDARD_LIBRARIES = YES;
				BUNDLE_LOADER = "$(TEST_HOST)";
				CODE_SIGN_STYLE = Automatic;
				CURRENT_PROJECT_VERSION = 1;
				GENERATE_INFOPLIST_FILE = YES;
				IPHONEOS_DEPLOYMENT_TARGET = 16.1;
				MARKETING_VERSION = 1.0;
				PRODUCT_BUNDLE_IDENTIFIER = "Promact-Infotech-Pvt.-Ltd..AbKeyTests";
				PRODUCT_NAME = "$(TARGET_NAME)";
				SWIFT_EMIT_LOC_STRINGS = NO;
				SWIFT_VERSION = 5.0;
				TARGETED_DEVICE_FAMILY = "1,2";
				TEST_HOST = "$(BUILT_PRODUCTS_DIR)/AbKey.app/$(BUNDLE_EXECUTABLE_FOLDER_PATH)/AbKey";
			};
			name = Debug;
		};
		46DA797F2B4E94B600A9C180 /* Release */ = {
			isa = XCBuildConfiguration;
			baseConfigurationReference = E86ADC792FE7CE81D4771B6F /* Pods-AbKeyTests.release.xcconfig */;
			buildSettings = {
				ALWAYS_EMBED_SWIFT_STANDARD_LIBRARIES = YES;
				BUNDLE_LOADER = "$(TEST_HOST)";
				CODE_SIGN_STYLE = Automatic;
				CURRENT_PROJECT_VERSION = 1;
				GENERATE_INFOPLIST_FILE = YES;
				IPHONEOS_DEPLOYMENT_TARGET = 16.1;
				MARKETING_VERSION = 1.0;
				PRODUCT_BUNDLE_IDENTIFIER = "Promact-Infotech-Pvt.-Ltd..AbKeyTests";
				PRODUCT_NAME = "$(TARGET_NAME)";
				SWIFT_EMIT_LOC_STRINGS = NO;
				SWIFT_VERSION = 5.0;
				TARGETED_DEVICE_FAMILY = "1,2";
				TEST_HOST = "$(BUILT_PRODUCTS_DIR)/AbKey.app/$(BUNDLE_EXECUTABLE_FOLDER_PATH)/AbKey";
			};
			name = Release;
		};
		46DA79812B4E94B600A9C180 /* Debug */ = {
			isa = XCBuildConfiguration;
			baseConfigurationReference = 01648B8885333F868BBC9B4C /* Pods-AbKey-AbKeyUITests.debug.xcconfig */;
			buildSettings = {
				ALWAYS_EMBED_SWIFT_STANDARD_LIBRARIES = YES;
				CODE_SIGN_STYLE = Automatic;
				CURRENT_PROJECT_VERSION = 1;
				GENERATE_INFOPLIST_FILE = YES;
				MARKETING_VERSION = 1.0;
				PRODUCT_BUNDLE_IDENTIFIER = "Promact-Infotech-Pvt.-Ltd..AbKeyUITests";
				PRODUCT_NAME = "$(TARGET_NAME)";
				SWIFT_EMIT_LOC_STRINGS = NO;
				SWIFT_VERSION = 5.0;
				TARGETED_DEVICE_FAMILY = "1,2";
				TEST_TARGET_NAME = AbKey;
			};
			name = Debug;
		};
		46DA79822B4E94B600A9C180 /* Release */ = {
			isa = XCBuildConfiguration;
			baseConfigurationReference = 0E91558C5D9BF0CF02069F23 /* Pods-AbKey-AbKeyUITests.release.xcconfig */;
			buildSettings = {
				ALWAYS_EMBED_SWIFT_STANDARD_LIBRARIES = YES;
				CODE_SIGN_STYLE = Automatic;
				CURRENT_PROJECT_VERSION = 1;
				GENERATE_INFOPLIST_FILE = YES;
				MARKETING_VERSION = 1.0;
				PRODUCT_BUNDLE_IDENTIFIER = "Promact-Infotech-Pvt.-Ltd..AbKeyUITests";
				PRODUCT_NAME = "$(TARGET_NAME)";
				SWIFT_EMIT_LOC_STRINGS = NO;
				SWIFT_VERSION = 5.0;
				TARGETED_DEVICE_FAMILY = "1,2";
				TEST_TARGET_NAME = AbKey;
			};
			name = Release;
		};
		46DA79992B4E959500A9C180 /* Debug */ = {
			isa = XCBuildConfiguration;
			baseConfigurationReference = 0792FE32B5D4C72C3E31572F /* Pods-CustomKeyboardView.debug.xcconfig */;
			buildSettings = {
				CODE_SIGN_ENTITLEMENTS = CustomKeyboardView/CustomKeyboardView.entitlements;
				CODE_SIGN_STYLE = Automatic;
				CURRENT_PROJECT_VERSION = 1;
				DEVELOPMENT_TEAM = 3MURND37P8;
				GENERATE_INFOPLIST_FILE = YES;
				INFOPLIST_FILE = CustomKeyboardView/Info.plist;
				INFOPLIST_KEY_CFBundleDisplayName = CustomKeyboardView;
				INFOPLIST_KEY_NSHumanReadableCopyright = "";
				IPHONEOS_DEPLOYMENT_TARGET = 16.0;
				LD_RUNPATH_SEARCH_PATHS = (
					"$(inherited)",
					"@executable_path/Frameworks",
					"@executable_path/../../Frameworks",
				);
				MARKETING_VERSION = 1.0;
				PRODUCT_BUNDLE_IDENTIFIER = "Promact-Infotech-Pvt.-Ltd..AbKey.CustomKeyboardView";
				PRODUCT_NAME = "$(TARGET_NAME)";
				SKIP_INSTALL = YES;
				SWIFT_EMIT_LOC_STRINGS = YES;
				SWIFT_VERSION = 5.0;
				TARGETED_DEVICE_FAMILY = "1,2";
			};
			name = Debug;
		};
		46DA799A2B4E959500A9C180 /* Release */ = {
			isa = XCBuildConfiguration;
			baseConfigurationReference = E290247DDB1F550A3014626F /* Pods-CustomKeyboardView.release.xcconfig */;
			buildSettings = {
				CODE_SIGN_ENTITLEMENTS = CustomKeyboardView/CustomKeyboardView.entitlements;
				CODE_SIGN_STYLE = Automatic;
				CURRENT_PROJECT_VERSION = 1;
				DEVELOPMENT_TEAM = 3MURND37P8;
				GENERATE_INFOPLIST_FILE = YES;
				INFOPLIST_FILE = CustomKeyboardView/Info.plist;
				INFOPLIST_KEY_CFBundleDisplayName = CustomKeyboardView;
				INFOPLIST_KEY_NSHumanReadableCopyright = "";
				IPHONEOS_DEPLOYMENT_TARGET = 16.0;
				LD_RUNPATH_SEARCH_PATHS = (
					"$(inherited)",
					"@executable_path/Frameworks",
					"@executable_path/../../Frameworks",
				);
				MARKETING_VERSION = 1.0;
				PRODUCT_BUNDLE_IDENTIFIER = "Promact-Infotech-Pvt.-Ltd..AbKey.CustomKeyboardView";
				PRODUCT_NAME = "$(TARGET_NAME)";
				SKIP_INSTALL = YES;
				SWIFT_EMIT_LOC_STRINGS = YES;
				SWIFT_VERSION = 5.0;
				TARGETED_DEVICE_FAMILY = "1,2";
			};
			name = Release;
		};
/* End XCBuildConfiguration section */

/* Begin XCConfigurationList section */
		46DA794B2B4E94B500A9C180 /* Build configuration list for PBXProject "AbKey" */ = {
			isa = XCConfigurationList;
			buildConfigurations = (
				46DA79782B4E94B600A9C180 /* Debug */,
				46DA79792B4E94B600A9C180 /* Release */,
			);
			defaultConfigurationIsVisible = 0;
			defaultConfigurationName = Release;
		};
		46DA797A2B4E94B600A9C180 /* Build configuration list for PBXNativeTarget "AbKey" */ = {
			isa = XCConfigurationList;
			buildConfigurations = (
				46DA797B2B4E94B600A9C180 /* Debug */,
				46DA797C2B4E94B600A9C180 /* Release */,
			);
			defaultConfigurationIsVisible = 0;
			defaultConfigurationName = Release;
		};
		46DA797D2B4E94B600A9C180 /* Build configuration list for PBXNativeTarget "AbKeyTests" */ = {
			isa = XCConfigurationList;
			buildConfigurations = (
				46DA797E2B4E94B600A9C180 /* Debug */,
				46DA797F2B4E94B600A9C180 /* Release */,
			);
			defaultConfigurationIsVisible = 0;
			defaultConfigurationName = Release;
		};
		46DA79802B4E94B600A9C180 /* Build configuration list for PBXNativeTarget "AbKeyUITests" */ = {
			isa = XCConfigurationList;
			buildConfigurations = (
				46DA79812B4E94B600A9C180 /* Debug */,
				46DA79822B4E94B600A9C180 /* Release */,
			);
			defaultConfigurationIsVisible = 0;
			defaultConfigurationName = Release;
		};
		46DA79982B4E959500A9C180 /* Build configuration list for PBXNativeTarget "CustomKeyboardView" */ = {
			isa = XCConfigurationList;
			buildConfigurations = (
				46DA79992B4E959500A9C180 /* Debug */,
				46DA799A2B4E959500A9C180 /* Release */,
			);
			defaultConfigurationIsVisible = 0;
			defaultConfigurationName = Release;
		};
/* End XCConfigurationList section */
	};
	rootObject = 46DA79482B4E94B500A9C180 /* Project object */;
}
